
Microsoft Visual Studio Solution File, Format Version 12.00
# Visual Studio Version 17
VisualStudioVersion = 17.9.34622.214
MinimumVisualStudioVersion = 10.0.40219.1
Project("{FAE04EC0-301F-11D3-BF4B-00C04F79EFBC}") = "BookStore.Web", "BookStore.Web\BookStore.Web.csproj", "{2A3FD49A-2474-413D-832D-FAB2474C762A}"
EndProject
Global
	GlobalSection(SolutionConfigurationPlatforms) = preSolution
		Debug|Any CPU = Debug|Any CPU
		Release|Any CPU = Release|Any CPU
	EndGlobalSection
	GlobalSection(ProjectConfigurationPlatforms) = postSolution
		{2A3FD49A-2474-413D-832D-FAB2474C762A}.Debug|Any CPU.ActiveCfg = Debug|Any CPU
		{2A3FD49A-2474-413D-832D-FAB2474C762A}.Debug|Any CPU.Build.0 = Debug|Any CPU
		{2A3FD49A-2474-413D-832D-FAB2474C762A}.Release|Any CPU.ActiveCfg = Release|Any CPU
		{2A3FD49A-2474-413D-832D-FAB2474C762A}.Release|Any CPU.Build.0 = Release|Any CPU
	EndGlobalSection
	GlobalSection(SolutionProperties) = preSolution
		HideSolutionNode = FALSE
	EndGlobalSection
	GlobalSection(ExtensibilityGlobals) = postSolution
		SolutionGuid = {A11F96B8-1D0A-49FE-8ACB-0045873118F8}
	EndGlobalSection
EndGlobal
